// !$*UTF8*$!
{
	archiveVersion = 1;
	classes = {
	};
	objectVersion = 51;
	objects = {

/* Begin PBXBuildFile section */
		000433B95983F40F5CA89613 /* Pods_HostelNumberOne.framework in Frameworks */ = {isa = PBXBuildFile; fileRef = 629C05C0647209F9689D365D /* Pods_HostelNumberOne.framework */; };
		381ABE5B238D6726007EFCE6 /* ShowAlert.swift in Sources */ = {isa = PBXBuildFile; fileRef = 381ABE5A238D6726007EFCE6 /* ShowAlert.swift */; };
		381ABE5D238D69BA007EFCE6 /* AddServicessAdminTableViewController.swift in Sources */ = {isa = PBXBuildFile; fileRef = 381ABE5C238D69BA007EFCE6 /* AddServicessAdminTableViewController.swift */; };
		381ABE5F238D6A1A007EFCE6 /* ServicessUserTableViewController.swift in Sources */ = {isa = PBXBuildFile; fileRef = 381ABE5E238D6A1A007EFCE6 /* ServicessUserTableViewController.swift */; };
		ED03EF552449C06E00C51749 /* RoomStatusTableViewCell.swift in Sources */ = {isa = PBXBuildFile; fileRef = ED03EF542449C06E00C51749 /* RoomStatusTableViewCell.swift */; };
		ED03EF592449C29D00C51749 /* RoomStatusViewController.swift in Sources */ = {isa = PBXBuildFile; fileRef = ED03EF582449C29D00C51749 /* RoomStatusViewController.swift */; };
		ED08A6A824390FC40042F26B /* ComplitionOrderTableViewCell.swift in Sources */ = {isa = PBXBuildFile; fileRef = ED08A6A724390FC40042F26B /* ComplitionOrderTableViewCell.swift */; };
		ED08A6AB2439CC1F0042F26B /* ComplitionAllClientViewController.swift in Sources */ = {isa = PBXBuildFile; fileRef = ED08A6AA2439CC1F0042F26B /* ComplitionAllClientViewController.swift */; };
		ED08A6AD2439CC5D0042F26B /* ComlitionAllCellTableViewCell.swift in Sources */ = {isa = PBXBuildFile; fileRef = ED08A6AC2439CC5D0042F26B /* ComlitionAllCellTableViewCell.swift */; };
		ED11BA822355DC350081EE31 /* AppDelegate.swift in Sources */ = {isa = PBXBuildFile; fileRef = ED11BA812355DC350081EE31 /* AppDelegate.swift */; };
		ED11BA842355DC350081EE31 /* ViewController.swift in Sources */ = {isa = PBXBuildFile; fileRef = ED11BA832355DC350081EE31 /* ViewController.swift */; };
		ED11BA872355DC350081EE31 /* Main.storyboard in Resources */ = {isa = PBXBuildFile; fileRef = ED11BA852355DC350081EE31 /* Main.storyboard */; };
		ED11BA892355DC350081EE31 /* Assets.xcassets in Resources */ = {isa = PBXBuildFile; fileRef = ED11BA882355DC350081EE31 /* Assets.xcassets */; };
		ED11BA8C2355DC350081EE31 /* LaunchScreen.storyboard in Resources */ = {isa = PBXBuildFile; fileRef = ED11BA8A2355DC350081EE31 /* LaunchScreen.storyboard */; };
		ED2FC9F9235CE55400EF3DA2 /* STOPSTOPTableViewController.swift in Sources */ = {isa = PBXBuildFile; fileRef = ED2FC9F8235CE55400EF3DA2 /* STOPSTOPTableViewController.swift */; };
		ED38F7CE238B14B600840C88 /* RegistrationTableViewController.swift in Sources */ = {isa = PBXBuildFile; fileRef = ED38F7CD238B14B600840C88 /* RegistrationTableViewController.swift */; };
		ED3DA85F2372D07E0010673F /* BascetUserTableViewController.swift in Sources */ = {isa = PBXBuildFile; fileRef = ED3DA85E2372D07E0010673F /* BascetUserTableViewController.swift */; };
		ED43E6A323679ECA00D80C43 /* File.swift in Sources */ = {isa = PBXBuildFile; fileRef = ED43E6A223679ECA00D80C43 /* File.swift */; };
		ED451A912402A47A0029D7C8 /* extensionDemonstretionRooms.swift in Sources */ = {isa = PBXBuildFile; fileRef = ED451A902402A47A0029D7C8 /* extensionDemonstretionRooms.swift */; };
		ED452091236082B8004EB338 /* ServicessUserTableViewCell.swift in Sources */ = {isa = PBXBuildFile; fileRef = ED452090236082B8004EB338 /* ServicessUserTableViewCell.swift */; };
		ED4E227724352B55004F1CF1 /* ComplitonOrderAdminClient.swift in Sources */ = {isa = PBXBuildFile; fileRef = ED4E227624352B55004F1CF1 /* ComplitonOrderAdminClient.swift */; };
		ED5F586723A94B5D0003CE23 /* ProfileUserTableViewController.swift in Sources */ = {isa = PBXBuildFile; fileRef = ED5F586623A94B5D0003CE23 /* ProfileUserTableViewController.swift */; };
		ED5F586923A94C8E0003CE23 /* ProfileUserTableViewCell.swift in Sources */ = {isa = PBXBuildFile; fileRef = ED5F586823A94C8E0003CE23 /* ProfileUserTableViewCell.swift */; };
		ED5F700D23F19A89002BD9FF /* orderViewCell.swift in Sources */ = {isa = PBXBuildFile; fileRef = ED5F700C23F19A89002BD9FF /* orderViewCell.swift */; };
		ED68DEDC245D8FF200393CB5 /* editprofile2TableViewController.swift in Sources */ = {isa = PBXBuildFile; fileRef = ED68DEDB245D8FF200393CB5 /* editprofile2TableViewController.swift */; };
		ED6992DC241AA38C00E3B5F5 /* GoogleService-Info.plist in Resources */ = {isa = PBXBuildFile; fileRef = ED6992DB241AA38B00E3B5F5 /* GoogleService-Info.plist */; };
		ED7DA84923732096006D669D /* BascetTableViewCell.swift in Sources */ = {isa = PBXBuildFile; fileRef = ED7DA84823732096006D669D /* BascetTableViewCell.swift */; };
		ED7E18CB239FCCE30032BFC3 /* OrderUserTableViewCell.swift in Sources */ = {isa = PBXBuildFile; fileRef = ED7E18CA239FCCE30032BFC3 /* OrderUserTableViewCell.swift */; };
		EDAE791B236380F800CD81E3 /* ServicessAdminTableViewController.swift in Sources */ = {isa = PBXBuildFile; fileRef = EDAE791A236380F800CD81E3 /* ServicessAdminTableViewController.swift */; };
		EDBC5FB2235FB06F00ACC7B8 /* RoomsAdminTableViewController.swift in Sources */ = {isa = PBXBuildFile; fileRef = EDBC5FB1235FB06F00ACC7B8 /* RoomsAdminTableViewController.swift */; };
		EDBC5FB623605F0C00ACC7B8 /* Servicess.swift in Sources */ = {isa = PBXBuildFile; fileRef = EDBC5FB523605F0C00ACC7B8 /* Servicess.swift */; };
		EDBC5FB82360648200ACC7B8 /* ServicessAdminTableViewCell.swift in Sources */ = {isa = PBXBuildFile; fileRef = EDBC5FB72360648200ACC7B8 /* ServicessAdminTableViewCell.swift */; };
		EDC9BA4C23832FE600EA6CEA /* BuscetStruct.swift in Sources */ = {isa = PBXBuildFile; fileRef = EDC9BA4B23832FE600EA6CEA /* BuscetStruct.swift */; };
		EDC9BA4E2383314800EA6CEA /* usersAndAdmin.swift in Sources */ = {isa = PBXBuildFile; fileRef = EDC9BA4D2383314800EA6CEA /* usersAndAdmin.swift */; };
		EDD47D9223E3118400A33EE3 /* AddRoomsTableViewController.swift in Sources */ = {isa = PBXBuildFile; fileRef = EDD47D9123E3118400A33EE3 /* AddRoomsTableViewController.swift */; };
		EDD47D9423E3426E00A33EE3 /* Encodable.swift in Sources */ = {isa = PBXBuildFile; fileRef = EDD47D9323E3426E00A33EE3 /* Encodable.swift */; };
		EDD5C8C9241AD438003DCFB1 /* userServicesDemonstrationViewController.swift in Sources */ = {isa = PBXBuildFile; fileRef = EDD5C8C8241AD438003DCFB1 /* userServicesDemonstrationViewController.swift */; };
		EDD80CA723FC203B006B87D7 /* roomsDemostretionViewController.swift in Sources */ = {isa = PBXBuildFile; fileRef = EDD80CA623FC203B006B87D7 /* roomsDemostretionViewController.swift */; };
		EDED5EF72359F29B00264388 /* User.swift in Sources */ = {isa = PBXBuildFile; fileRef = EDED5EF62359F29B00264388 /* User.swift */; };
		EDED5EF9235A202200264388 /* Rooms.swift in Sources */ = {isa = PBXBuildFile; fileRef = EDED5EF8235A202200264388 /* Rooms.swift */; };
		EDED5EFD235A4B0700264388 /* RoomsUserTableViewCell.swift in Sources */ = {isa = PBXBuildFile; fileRef = EDED5EFC235A4B0700264388 /* RoomsUserTableViewCell.swift */; };
		EDF4E705245883060014F87B /* editProvileViewController.swift in Sources */ = {isa = PBXBuildFile; fileRef = EDF4E704245883060014F87B /* editProvileViewController.swift */; };
		EDF4E70F2458A3AB0014F87B /* HistoryOrderViewController.swift in Sources */ = {isa = PBXBuildFile; fileRef = EDF4E70E2458A3AB0014F87B /* HistoryOrderViewController.swift */; };
		EDF4E7112458A4670014F87B /* HistoryOrderTableViewCell.swift in Sources */ = {isa = PBXBuildFile; fileRef = EDF4E7102458A4670014F87B /* HistoryOrderTableViewCell.swift */; };
		EDF74F0A2438F43A005EBEAE /* MainClientAdminVC.swift in Sources */ = {isa = PBXBuildFile; fileRef = EDF74F092438F43A005EBEAE /* MainClientAdminVC.swift */; };
		EDF74F0E2438FFD7005EBEAE /* NewOrderClientViewController.swift in Sources */ = {isa = PBXBuildFile; fileRef = EDF74F0D2438FFD7005EBEAE /* NewOrderClientViewController.swift */; };
		EDF79540235B122C00B2D62D /* RoomsAdminTableViewCell.swift in Sources */ = {isa = PBXBuildFile; fileRef = EDF7953F235B122C00B2D62D /* RoomsAdminTableViewCell.swift */; };
		EDF8629323F5B76C002B1D91 /* OrderAllViewController.swift in Sources */ = {isa = PBXBuildFile; fileRef = EDF8629223F5B76C002B1D91 /* OrderAllViewController.swift */; };
/* End PBXBuildFile section */

/* Begin PBXFileReference section */
		381ABE5A238D6726007EFCE6 /* ShowAlert.swift */ = {isa = PBXFileReference; fileEncoding = 4; lastKnownFileType = sourcecode.swift; name = ShowAlert.swift; path = HostelNumberOne/ShowAlert.swift; sourceTree = "<group>"; };
		381ABE5C238D69BA007EFCE6 /* AddServicessAdminTableViewController.swift */ = {isa = PBXFileReference; fileEncoding = 4; lastKnownFileType = sourcecode.swift; name = AddServicessAdminTableViewController.swift; path = HostelNumberOne/Admin/services/AddServicessAdminTableViewController.swift; sourceTree = SOURCE_ROOT; };
		381ABE5E238D6A1A007EFCE6 /* ServicessUserTableViewController.swift */ = {isa = PBXFileReference; fileEncoding = 4; lastKnownFileType = sourcecode.swift; path = ServicessUserTableViewController.swift; sourceTree = "<group>"; };
		591482C67BCE8234AA84CCF0 /* Pods-HostelNumberOne.release.xcconfig */ = {isa = PBXFileReference; includeInIndex = 1; lastKnownFileType = text.xcconfig; name = "Pods-HostelNumberOne.release.xcconfig"; path = "Target Support Files/Pods-HostelNumberOne/Pods-HostelNumberOne.release.xcconfig"; sourceTree = "<group>"; };
		629C05C0647209F9689D365D /* Pods_HostelNumberOne.framework */ = {isa = PBXFileReference; explicitFileType = wrapper.framework; includeInIndex = 0; path = Pods_HostelNumberOne.framework; sourceTree = BUILT_PRODUCTS_DIR; };
		9DB5C4B0222F7EBA365D8330 /* Pods-HostelNumberOne.debug.xcconfig */ = {isa = PBXFileReference; includeInIndex = 1; lastKnownFileType = text.xcconfig; name = "Pods-HostelNumberOne.debug.xcconfig"; path = "Target Support Files/Pods-HostelNumberOne/Pods-HostelNumberOne.debug.xcconfig"; sourceTree = "<group>"; };
		ED03EF542449C06E00C51749 /* RoomStatusTableViewCell.swift */ = {isa = PBXFileReference; lastKnownFileType = sourcecode.swift; path = RoomStatusTableViewCell.swift; sourceTree = "<group>"; };
		ED03EF582449C29D00C51749 /* RoomStatusViewController.swift */ = {isa = PBXFileReference; lastKnownFileType = sourcecode.swift; name = RoomStatusViewController.swift; path = "/Users/kirill/Downloads/hostelhostel-master/hostel2020/HostelNumberOne/Admin/ RoomStatus/RoomStatusViewController.swift"; sourceTree = "<absolute>"; };
		ED08A6A724390FC40042F26B /* ComplitionOrderTableViewCell.swift */ = {isa = PBXFileReference; lastKnownFileType = sourcecode.swift; path = ComplitionOrderTableViewCell.swift; sourceTree = "<group>"; };
		ED08A6AA2439CC1F0042F26B /* ComplitionAllClientViewController.swift */ = {isa = PBXFileReference; lastKnownFileType = sourcecode.swift; path = ComplitionAllClientViewController.swift; sourceTree = "<group>"; };
		ED08A6AC2439CC5D0042F26B /* ComlitionAllCellTableViewCell.swift */ = {isa = PBXFileReference; lastKnownFileType = sourcecode.swift; path = ComlitionAllCellTableViewCell.swift; sourceTree = "<group>"; };
		ED11BA7E2355DC350081EE31 /* HostelNumberOne.app */ = {isa = PBXFileReference; explicitFileType = wrapper.application; includeInIndex = 0; path = HostelNumberOne.app; sourceTree = BUILT_PRODUCTS_DIR; };
		ED11BA812355DC350081EE31 /* AppDelegate.swift */ = {isa = PBXFileReference; lastKnownFileType = sourcecode.swift; path = AppDelegate.swift; sourceTree = "<group>"; };
		ED11BA832355DC350081EE31 /* ViewController.swift */ = {isa = PBXFileReference; lastKnownFileType = sourcecode.swift; path = ViewController.swift; sourceTree = "<group>"; };
		ED11BA862355DC350081EE31 /* Base */ = {isa = PBXFileReference; lastKnownFileType = file.storyboard; name = Base; path = Base.lproj/Main.storyboard; sourceTree = "<group>"; };
		ED11BA882355DC350081EE31 /* Assets.xcassets */ = {isa = PBXFileReference; lastKnownFileType = folder.assetcatalog; path = Assets.xcassets; sourceTree = "<group>"; };
		ED11BA8B2355DC350081EE31 /* Base */ = {isa = PBXFileReference; lastKnownFileType = file.storyboard; name = Base; path = Base.lproj/LaunchScreen.storyboard; sourceTree = "<group>"; };
		ED11BA8D2355DC350081EE31 /* Info.plist */ = {isa = PBXFileReference; lastKnownFileType = text.plist.xml; path = Info.plist; sourceTree = "<group>"; };
		ED2FC9F8235CE55400EF3DA2 /* STOPSTOPTableViewController.swift */ = {isa = PBXFileReference; lastKnownFileType = sourcecode.swift; path = STOPSTOPTableViewController.swift; sourceTree = "<group>"; };
		ED38F7CD238B14B600840C88 /* RegistrationTableViewController.swift */ = {isa = PBXFileReference; lastKnownFileType = sourcecode.swift; path = RegistrationTableViewController.swift; sourceTree = "<group>"; };
		ED3DA85E2372D07E0010673F /* BascetUserTableViewController.swift */ = {isa = PBXFileReference; lastKnownFileType = sourcecode.swift; path = BascetUserTableViewController.swift; sourceTree = "<group>"; };
		ED43E6A223679ECA00D80C43 /* File.swift */ = {isa = PBXFileReference; lastKnownFileType = sourcecode.swift; path = File.swift; sourceTree = "<group>"; };
		ED451A902402A47A0029D7C8 /* extensionDemonstretionRooms.swift */ = {isa = PBXFileReference; lastKnownFileType = sourcecode.swift; path = extensionDemonstretionRooms.swift; sourceTree = "<group>"; };
		ED452090236082B8004EB338 /* ServicessUserTableViewCell.swift */ = {isa = PBXFileReference; lastKnownFileType = sourcecode.swift; path = ServicessUserTableViewCell.swift; sourceTree = "<group>"; };
		ED4E227624352B55004F1CF1 /* ComplitonOrderAdminClient.swift */ = {isa = PBXFileReference; lastKnownFileType = sourcecode.swift; path = ComplitonOrderAdminClient.swift; sourceTree = "<group>"; };
		ED5F586623A94B5D0003CE23 /* ProfileUserTableViewController.swift */ = {isa = PBXFileReference; fileEncoding = 4; lastKnownFileType = sourcecode.swift; name = ProfileUserTableViewController.swift; path = HostelNumberOne/Users/Profile/ProfileUserTableViewController.swift; sourceTree = SOURCE_ROOT; };
		ED5F586823A94C8E0003CE23 /* ProfileUserTableViewCell.swift */ = {isa = PBXFileReference; fileEncoding = 4; lastKnownFileType = sourcecode.swift; name = ProfileUserTableViewCell.swift; path = HostelNumberOne/Users/Profile/ProfileUserTableViewCell.swift; sourceTree = SOURCE_ROOT; };
		ED5F700C23F19A89002BD9FF /* orderViewCell.swift */ = {isa = PBXFileReference; lastKnownFileType = sourcecode.swift; name = orderViewCell.swift; path = ../Supports/orderViewCell.swift; sourceTree = "<group>"; };
		ED68DEDB245D8FF200393CB5 /* editprofile2TableViewController.swift */ = {isa = PBXFileReference; lastKnownFileType = sourcecode.swift; path = editprofile2TableViewController.swift; sourceTree = "<group>"; };
		ED6992DB241AA38B00E3B5F5 /* GoogleService-Info.plist */ = {isa = PBXFileReference; fileEncoding = 4; lastKnownFileType = text.plist.xml; path = "GoogleService-Info.plist"; sourceTree = SOURCE_ROOT; };
		ED7DA84823732096006D669D /* BascetTableViewCell.swift */ = {isa = PBXFileReference; lastKnownFileType = sourcecode.swift; path = BascetTableViewCell.swift; sourceTree = "<group>"; };
		ED7E18CA239FCCE30032BFC3 /* OrderUserTableViewCell.swift */ = {isa = PBXFileReference; lastKnownFileType = sourcecode.swift; path = OrderUserTableViewCell.swift; sourceTree = "<group>"; };
		EDAE791A236380F800CD81E3 /* ServicessAdminTableViewController.swift */ = {isa = PBXFileReference; lastKnownFileType = sourcecode.swift; path = ServicessAdminTableViewController.swift; sourceTree = "<group>"; };
		EDBC5FB1235FB06F00ACC7B8 /* RoomsAdminTableViewController.swift */ = {isa = PBXFileReference; lastKnownFileType = sourcecode.swift; path = RoomsAdminTableViewController.swift; sourceTree = "<group>"; };
		EDBC5FB523605F0C00ACC7B8 /* Servicess.swift */ = {isa = PBXFileReference; lastKnownFileType = sourcecode.swift; name = Servicess.swift; path = HostelNumberOne/Supports/Servicess.swift; sourceTree = "<group>"; };
		EDBC5FB72360648200ACC7B8 /* ServicessAdminTableViewCell.swift */ = {isa = PBXFileReference; lastKnownFileType = sourcecode.swift; name = ServicessAdminTableViewCell.swift; path = ../../Supports/ServicessAdminTableViewCell.swift; sourceTree = "<group>"; };
		EDC9BA4B23832FE600EA6CEA /* BuscetStruct.swift */ = {isa = PBXFileReference; lastKnownFileType = sourcecode.swift; path = BuscetStruct.swift; sourceTree = "<group>"; };
		EDC9BA4D2383314800EA6CEA /* usersAndAdmin.swift */ = {isa = PBXFileReference; lastKnownFileType = sourcecode.swift; path = usersAndAdmin.swift; sourceTree = "<group>"; };
		EDD47D9123E3118400A33EE3 /* AddRoomsTableViewController.swift */ = {isa = PBXFileReference; lastKnownFileType = sourcecode.swift; name = AddRoomsTableViewController.swift; path = ../../AddRoomsTableViewController.swift; sourceTree = "<group>"; };
		EDD47D9323E3426E00A33EE3 /* Encodable.swift */ = {isa = PBXFileReference; lastKnownFileType = sourcecode.swift; path = Encodable.swift; sourceTree = "<group>"; };
		EDD5C8C8241AD438003DCFB1 /* userServicesDemonstrationViewController.swift */ = {isa = PBXFileReference; fileEncoding = 4; lastKnownFileType = sourcecode.swift; path = userServicesDemonstrationViewController.swift; sourceTree = SOURCE_ROOT; };
		EDD80CA623FC203B006B87D7 /* roomsDemostretionViewController.swift */ = {isa = PBXFileReference; lastKnownFileType = sourcecode.swift; path = roomsDemostretionViewController.swift; sourceTree = "<group>"; };
		EDED5EF62359F29B00264388 /* User.swift */ = {isa = PBXFileReference; lastKnownFileType = sourcecode.swift; path = User.swift; sourceTree = "<group>"; };
		EDED5EF8235A202200264388 /* Rooms.swift */ = {isa = PBXFileReference; lastKnownFileType = sourcecode.swift; path = Rooms.swift; sourceTree = "<group>"; };
		EDED5EFC235A4B0700264388 /* RoomsUserTableViewCell.swift */ = {isa = PBXFileReference; lastKnownFileType = sourcecode.swift; path = RoomsUserTableViewCell.swift; sourceTree = "<group>"; };
		EDF4E704245883060014F87B /* editProvileViewController.swift */ = {isa = PBXFileReference; lastKnownFileType = sourcecode.swift; path = editProvileViewController.swift; sourceTree = "<group>"; };
		EDF4E70E2458A3AB0014F87B /* HistoryOrderViewController.swift */ = {isa = PBXFileReference; lastKnownFileType = sourcecode.swift; path = HistoryOrderViewController.swift; sourceTree = "<group>"; };
		EDF4E7102458A4670014F87B /* HistoryOrderTableViewCell.swift */ = {isa = PBXFileReference; lastKnownFileType = sourcecode.swift; path = HistoryOrderTableViewCell.swift; sourceTree = "<group>"; };
		EDF74F092438F43A005EBEAE /* MainClientAdminVC.swift */ = {isa = PBXFileReference; lastKnownFileType = sourcecode.swift; path = MainClientAdminVC.swift; sourceTree = "<group>"; };
		EDF74F0D2438FFD7005EBEAE /* NewOrderClientViewController.swift */ = {isa = PBXFileReference; lastKnownFileType = sourcecode.swift; path = NewOrderClientViewController.swift; sourceTree = "<group>"; };
		EDF7953F235B122C00B2D62D /* RoomsAdminTableViewCell.swift */ = {isa = PBXFileReference; lastKnownFileType = sourcecode.swift; path = RoomsAdminTableViewCell.swift; sourceTree = "<group>"; };
		EDF8629223F5B76C002B1D91 /* OrderAllViewController.swift */ = {isa = PBXFileReference; lastKnownFileType = sourcecode.swift; path = OrderAllViewController.swift; sourceTree = "<group>"; };
/* End PBXFileReference section */

/* Begin PBXFrameworksBuildPhase section */
		ED11BA7B2355DC350081EE31 /* Frameworks */ = {
			isa = PBXFrameworksBuildPhase;
			buildActionMask = 2147483647;
			files = (
				000433B95983F40F5CA89613 /* Pods_HostelNumberOne.framework in Frameworks */,
			);
			runOnlyForDeploymentPostprocessing = 0;
		};
/* End PBXFrameworksBuildPhase section */

/* Begin PBXGroup section */
		33CFC22529DCD1D68648D526 /* Frameworks */ = {
			isa = PBXGroup;
			children = (
				629C05C0647209F9689D365D /* Pods_HostelNumberOne.framework */,
			);
			name = Frameworks;
			sourceTree = "<group>";
		};
		8A67BE0AA4D5C6BD34E64480 /* Pods */ = {
			isa = PBXGroup;
			children = (
				9DB5C4B0222F7EBA365D8330 /* Pods-HostelNumberOne.debug.xcconfig */,
				591482C67BCE8234AA84CCF0 /* Pods-HostelNumberOne.release.xcconfig */,
			);
			path = Pods;
			sourceTree = "<group>";
		};
		ED08A6A92439CBB20042F26B /* ComplDataTime */ = {
			isa = PBXGroup;
			children = (
				ED08A6A724390FC40042F26B /* ComplitionOrderTableViewCell.swift */,
				ED4E227624352B55004F1CF1 /* ComplitonOrderAdminClient.swift */,
			);
			path = ComplDataTime;
			sourceTree = "<group>";
		};
		ED11BA752355DC340081EE31 = {
			isa = PBXGroup;
			children = (
				EDDC931C23D9B860000AE4E3 /* model */,
				ED43E6A223679ECA00D80C43 /* File.swift */,
				EDD47D9323E3426E00A33EE3 /* Encodable.swift */,
				381ABE5A238D6726007EFCE6 /* ShowAlert.swift */,
				ED11BA802355DC350081EE31 /* HostelNumberOne */,
				ED11BA7F2355DC350081EE31 /* Products */,
				8A67BE0AA4D5C6BD34E64480 /* Pods */,
				33CFC22529DCD1D68648D526 /* Frameworks */,
			);
			sourceTree = "<group>";
		};
		ED11BA7F2355DC350081EE31 /* Products */ = {
			isa = PBXGroup;
			children = (
				ED11BA7E2355DC350081EE31 /* HostelNumberOne.app */,
			);
			name = Products;
			sourceTree = "<group>";
		};
		ED11BA802355DC350081EE31 /* HostelNumberOne */ = {
			isa = PBXGroup;
			children = (
				EDDC931D23D9B8C9000AE4E3 /* MainLoginAndRegistration */,
				ED71E60A2359EF3700AF6619 /* Users */,
				ED71E6052359BCCD00AF6619 /* Admin */,
				EDED5EF52359F19C00264388 /* Supports */,
				ED11BA882355DC350081EE31 /* Assets.xcassets */,
				ED11BA8A2355DC350081EE31 /* LaunchScreen.storyboard */,
				ED6992DB241AA38B00E3B5F5 /* GoogleService-Info.plist */,
				ED11BA8D2355DC350081EE31 /* Info.plist */,
			);
			path = HostelNumberOne;
			sourceTree = "<group>";
		};
		ED4E227824352B68004F1CF1 /* ComplitionOrder */ = {
			isa = PBXGroup;
			children = (
				ED08A6A92439CBB20042F26B /* ComplDataTime */,
				ED08A6AA2439CC1F0042F26B /* ComplitionAllClientViewController.swift */,
				ED08A6AC2439CC5D0042F26B /* ComlitionAllCellTableViewCell.swift */,
			);
			name = ComplitionOrder;
			sourceTree = "<group>";
		};
		ED71E6052359BCCD00AF6619 /* Admin */ = {
			isa = PBXGroup;
			children = (
				EDDC931B23D9B84A000AE4E3 /*  RoomStatus */,
				EDDC931A23D9B7C8000AE4E3 /* Order */,
				EDDC931823D9B790000AE4E3 /* Rooms */,
				EDBC5FB9236064B100ACC7B8 /* services */,
			);
			path = Admin;
			sourceTree = "<group>";
		};
		ED71E60A2359EF3700AF6619 /* Users */ = {
			isa = PBXGroup;
			children = (
				EDDC931723D9B77C000AE4E3 /* Profile */,
				EDDC931623D9B76A000AE4E3 /* Buscet */,
				EDDC931523D9B748000AE4E3 /* Services */,
				EDD80CA423FBDC29006B87D7 /* Room */,
			);
			path = Users;
			sourceTree = "<group>";
		};
		EDBC5FB9236064B100ACC7B8 /* services */ = {
			isa = PBXGroup;
			children = (
				381ABE5C238D69BA007EFCE6 /* AddServicessAdminTableViewController.swift */,
				EDAE791A236380F800CD81E3 /* ServicessAdminTableViewController.swift */,
				EDBC5FB72360648200ACC7B8 /* ServicessAdminTableViewCell.swift */,
			);
			path = services;
			sourceTree = "<group>";
		};
		EDD80CA423FBDC29006B87D7 /* Room */ = {
			isa = PBXGroup;
			children = (
				EDD80CA523FBDC5D006B87D7 /* roomsDemonstration */,
				EDDC931423D9B728000AE4E3 /* Rooms */,
			);
			path = Room;
			sourceTree = "<group>";
		};
		EDD80CA523FBDC5D006B87D7 /* roomsDemonstration */ = {
			isa = PBXGroup;
			children = (
				EDD80CA623FC203B006B87D7 /* roomsDemostretionViewController.swift */,
				ED451A902402A47A0029D7C8 /* extensionDemonstretionRooms.swift */,
			);
			name = roomsDemonstration;
			sourceTree = "<group>";
		};
		EDDC931423D9B728000AE4E3 /* Rooms */ = {
			isa = PBXGroup;
			children = (
				EDED5EFC235A4B0700264388 /* RoomsUserTableViewCell.swift */,
				ED2FC9F8235CE55400EF3DA2 /* STOPSTOPTableViewController.swift */,
			);
			name = Rooms;
			path = ..;
			sourceTree = "<group>";
		};
		EDDC931523D9B748000AE4E3 /* Services */ = {
			isa = PBXGroup;
			children = (
				EDD5C8C8241AD438003DCFB1 /* userServicesDemonstrationViewController.swift */,
				381ABE5E238D6A1A007EFCE6 /* ServicessUserTableViewController.swift */,
				ED452090236082B8004EB338 /* ServicessUserTableViewCell.swift */,
			);
			path = Services;
			sourceTree = "<group>";
		};
		EDDC931623D9B76A000AE4E3 /* Buscet */ = {
			isa = PBXGroup;
			children = (
				ED7DA84823732096006D669D /* BascetTableViewCell.swift */,
				ED3DA85E2372D07E0010673F /* BascetUserTableViewController.swift */,
			);
			name = Buscet;
			sourceTree = "<group>";
		};
		EDDC931723D9B77C000AE4E3 /* Profile */ = {
			isa = PBXGroup;
			children = (
				EDF4E7092458A35B0014F87B /* historyOrder */,
				EDF4E703245882E00014F87B /* editProfile */,
				ED5F586623A94B5D0003CE23 /* ProfileUserTableViewController.swift */,
				ED5F586823A94C8E0003CE23 /* ProfileUserTableViewCell.swift */,
			);
			path = Profile;
			sourceTree = "<group>";
		};
		EDDC931823D9B790000AE4E3 /* Rooms */ = {
			isa = PBXGroup;
			children = (
				EDD47D9123E3118400A33EE3 /* AddRoomsTableViewController.swift */,
				EDBC5FB1235FB06F00ACC7B8 /* RoomsAdminTableViewController.swift */,
				EDF7953F235B122C00B2D62D /* RoomsAdminTableViewCell.swift */,
			);
			name = Rooms;
			sourceTree = "<group>";
		};
		EDDC931A23D9B7C8000AE4E3 /* Order */ = {
			isa = PBXGroup;
			children = (
				EDF74F092438F43A005EBEAE /* MainClientAdminVC.swift */,
				ED4E227824352B68004F1CF1 /* ComplitionOrder */,
				EDF8629123F5B6B8002B1D91 /* orderAll */,
			);
			name = Order;
			sourceTree = "<group>";
		};
		EDDC931B23D9B84A000AE4E3 /*  RoomStatus */ = {
			isa = PBXGroup;
			children = (
				ED03EF582449C29D00C51749 /* RoomStatusViewController.swift */,
				ED03EF542449C06E00C51749 /* RoomStatusTableViewCell.swift */,
			);
			path = " RoomStatus";
			sourceTree = "<group>";
		};
		EDDC931C23D9B860000AE4E3 /* model */ = {
			isa = PBXGroup;
			children = (
				EDED5EF62359F29B00264388 /* User.swift */,
				EDED5EF8235A202200264388 /* Rooms.swift */,
				EDBC5FB523605F0C00ACC7B8 /* Servicess.swift */,
				EDC9BA4B23832FE600EA6CEA /* BuscetStruct.swift */,
				EDC9BA4D2383314800EA6CEA /* usersAndAdmin.swift */,
			);
			name = model;
			sourceTree = "<group>";
		};
		EDDC931D23D9B8C9000AE4E3 /* MainLoginAndRegistration */ = {
			isa = PBXGroup;
			children = (
				ED11BA832355DC350081EE31 /* ViewController.swift */,
				ED38F7CD238B14B600840C88 /* RegistrationTableViewController.swift */,
			);
			name = MainLoginAndRegistration;
			sourceTree = "<group>";
		};
		EDED5EF52359F19C00264388 /* Supports */ = {
			isa = PBXGroup;
			children = (
				ED11BA852355DC350081EE31 /* Main.storyboard */,
				ED11BA812355DC350081EE31 /* AppDelegate.swift */,
			);
			path = Supports;
			sourceTree = "<group>";
		};
		EDF4E703245882E00014F87B /* editProfile */ = {
			isa = PBXGroup;
			children = (
				EDF4E704245883060014F87B /* editProvileViewController.swift */,
				ED68DEDB245D8FF200393CB5 /* editprofile2TableViewController.swift */,
			);
			name = editProfile;
			sourceTree = "<group>";
		};
		EDF4E7092458A35B0014F87B /* historyOrder */ = {
			isa = PBXGroup;
			children = (
				EDF4E70E2458A3AB0014F87B /* HistoryOrderViewController.swift */,
				EDF4E7102458A4670014F87B /* HistoryOrderTableViewCell.swift */,
			);
			path = historyOrder;
			sourceTree = "<group>";
		};
		EDF8629023F5B68E002B1D91 /* orderDatatime */ = {
			isa = PBXGroup;
			children = (
				ED7E18CA239FCCE30032BFC3 /* OrderUserTableViewCell.swift */,
				EDF74F0D2438FFD7005EBEAE /* NewOrderClientViewController.swift */,
			);
			path = orderDatatime;
			sourceTree = "<group>";
		};
		EDF8629123F5B6B8002B1D91 /* orderAll */ = {
			isa = PBXGroup;
			children = (
				EDF8629023F5B68E002B1D91 /* orderDatatime */,
				EDF8629223F5B76C002B1D91 /* OrderAllViewController.swift */,
				ED5F700C23F19A89002BD9FF /* orderViewCell.swift */,
			);
			name = orderAll;
			sourceTree = "<group>";
		};
/* End PBXGroup section */

/* Begin PBXNativeTarget section */
		ED11BA7D2355DC350081EE31 /* HostelNumberOne */ = {
			isa = PBXNativeTarget;
			buildConfigurationList = ED11BA902355DC350081EE31 /* Build configuration list for PBXNativeTarget "HostelNumberOne" */;
			buildPhases = (
				981F92806114073359BA7136 /* [CP] Check Pods Manifest.lock */,
				ED11BA7A2355DC350081EE31 /* Sources */,
				ED11BA7B2355DC350081EE31 /* Frameworks */,
				ED11BA7C2355DC350081EE31 /* Resources */,
				58C8C274C8D6A34062646756 /* [CP] Embed Pods Frameworks */,
			);
			buildRules = (
			);
			dependencies = (
			);
			name = HostelNumberOne;
			productName = HostelNumberOne;
			productReference = ED11BA7E2355DC350081EE31 /* HostelNumberOne.app */;
			productType = "com.apple.product-type.application";
		};
/* End PBXNativeTarget section */

/* Begin PBXProject section */
		ED11BA762355DC340081EE31 /* Project object */ = {
			isa = PBXProject;
			attributes = {
				LastSwiftUpdateCheck = 1030;
				LastUpgradeCheck = 1030;
				ORGANIZATIONNAME = "Кирилл";
				TargetAttributes = {
					ED11BA7D2355DC350081EE31 = {
						CreatedOnToolsVersion = 10.3;
					};
				};
			};
			buildConfigurationList = ED11BA792355DC340081EE31 /* Build configuration list for PBXProject "HostelNumberOne" */;
			compatibilityVersion = "Xcode 9.3";
			developmentRegion = en;
			hasScannedForEncodings = 0;
			knownRegions = (
				en,
				Base,
			);
			mainGroup = ED11BA752355DC340081EE31;
			productRefGroup = ED11BA7F2355DC350081EE31 /* Products */;
			projectDirPath = "";
			projectRoot = "";
			targets = (
				ED11BA7D2355DC350081EE31 /* HostelNumberOne */,
			);
		};
/* End PBXProject section */

/* Begin PBXResourcesBuildPhase section */
		ED11BA7C2355DC350081EE31 /* Resources */ = {
			isa = PBXResourcesBuildPhase;
			buildActionMask = 2147483647;
			files = (
				ED11BA8C2355DC350081EE31 /* LaunchScreen.storyboard in Resources */,
				ED6992DC241AA38C00E3B5F5 /* GoogleService-Info.plist in Resources */,
				ED11BA892355DC350081EE31 /* Assets.xcassets in Resources */,
				ED11BA872355DC350081EE31 /* Main.storyboard in Resources */,
			);
			runOnlyForDeploymentPostprocessing = 0;
		};
/* End PBXResourcesBuildPhase section */

/* Begin PBXShellScriptBuildPhase section */
		58C8C274C8D6A34062646756 /* [CP] Embed Pods Frameworks */ = {
			isa = PBXShellScriptBuildPhase;
			buildActionMask = 2147483647;
			files = (
			);
			inputFileListPaths = (
				"${PODS_ROOT}/Target Support Files/Pods-HostelNumberOne/Pods-HostelNumberOne-frameworks-${CONFIGURATION}-input-files.xcfilelist",
			);
			name = "[CP] Embed Pods Frameworks";
			outputFileListPaths = (
				"${PODS_ROOT}/Target Support Files/Pods-HostelNumberOne/Pods-HostelNumberOne-frameworks-${CONFIGURATION}-output-files.xcfilelist",
			);
			runOnlyForDeploymentPostprocessing = 0;
			shellPath = /bin/sh;
			shellScript = "\"${PODS_ROOT}/Target Support Files/Pods-HostelNumberOne/Pods-HostelNumberOne-frameworks.sh\"\n";
			showEnvVarsInLog = 0;
		};
		981F92806114073359BA7136 /* [CP] Check Pods Manifest.lock */ = {
			isa = PBXShellScriptBuildPhase;
			buildActionMask = 2147483647;
			files = (
			);
			inputFileListPaths = (
			);
			inputPaths = (
				"${PODS_PODFILE_DIR_PATH}/Podfile.lock",
				"${PODS_ROOT}/Manifest.lock",
			);
			name = "[CP] Check Pods Manifest.lock";
			outputFileListPaths = (
			);
			outputPaths = (
				"$(DERIVED_FILE_DIR)/Pods-HostelNumberOne-checkManifestLockResult.txt",
			);
			runOnlyForDeploymentPostprocessing = 0;
			shellPath = /bin/sh;
			shellScript = "diff \"${PODS_PODFILE_DIR_PATH}/Podfile.lock\" \"${PODS_ROOT}/Manifest.lock\" > /dev/null\nif [ $? != 0 ] ; then\n    # print error to STDERR\n    echo \"error: The sandbox is not in sync with the Podfile.lock. Run 'pod install' or update your CocoaPods installation.\" >&2\n    exit 1\nfi\n# This output is used by Xcode 'outputs' to avoid re-running this script phase.\necho \"SUCCESS\" > \"${SCRIPT_OUTPUT_FILE_0}\"\n";
			showEnvVarsInLog = 0;
		};
/* End PBXShellScriptBuildPhase section */

/* Begin PBXSourcesBuildPhase section */
		ED11BA7A2355DC350081EE31 /* Sources */ = {
			isa = PBXSourcesBuildPhase;
			buildActionMask = 2147483647;
			files = (
				ED03EF552449C06E00C51749 /* RoomStatusTableViewCell.swift in Sources */,
				381ABE5B238D6726007EFCE6 /* ShowAlert.swift in Sources */,
				ED5F700D23F19A89002BD9FF /* orderViewCell.swift in Sources */,
				ED3DA85F2372D07E0010673F /* BascetUserTableViewController.swift in Sources */,
				ED68DEDC245D8FF200393CB5 /* editprofile2TableViewController.swift in Sources */,
				EDF8629323F5B76C002B1D91 /* OrderAllViewController.swift in Sources */,
				ED08A6AB2439CC1F0042F26B /* ComplitionAllClientViewController.swift in Sources */,
				ED5F586923A94C8E0003CE23 /* ProfileUserTableViewCell.swift in Sources */,
				381ABE5D238D69BA007EFCE6 /* AddServicessAdminTableViewController.swift in Sources */,
				EDD47D9223E3118400A33EE3 /* AddRoomsTableViewController.swift in Sources */,
				ED03EF592449C29D00C51749 /* RoomStatusViewController.swift in Sources */,
				ED451A912402A47A0029D7C8 /* extensionDemonstretionRooms.swift in Sources */,
				EDD80CA723FC203B006B87D7 /* roomsDemostretionViewController.swift in Sources */,
				ED2FC9F9235CE55400EF3DA2 /* STOPSTOPTableViewController.swift in Sources */,
				ED11BA842355DC350081EE31 /* ViewController.swift in Sources */,
				ED7DA84923732096006D669D /* BascetTableViewCell.swift in Sources */,
				EDAE791B236380F800CD81E3 /* ServicessAdminTableViewController.swift in Sources */,
				EDF79540235B122C00B2D62D /* RoomsAdminTableViewCell.swift in Sources */,
				ED43E6A323679ECA00D80C43 /* File.swift in Sources */,
				EDF4E7112458A4670014F87B /* HistoryOrderTableViewCell.swift in Sources */,
				ED38F7CE238B14B600840C88 /* RegistrationTableViewController.swift in Sources */,
				EDED5EF72359F29B00264388 /* User.swift in Sources */,
				ED08A6A824390FC40042F26B /* ComplitionOrderTableViewCell.swift in Sources */,
				EDF4E70F2458A3AB0014F87B /* HistoryOrderViewController.swift in Sources */,
				381ABE5F238D6A1A007EFCE6 /* ServicessUserTableViewController.swift in Sources */,
				EDED5EF9235A202200264388 /* Rooms.swift in Sources */,
				EDF74F0A2438F43A005EBEAE /* MainClientAdminVC.swift in Sources */,
				EDD47D9423E3426E00A33EE3 /* Encodable.swift in Sources */,
				EDF74F0E2438FFD7005EBEAE /* NewOrderClientViewController.swift in Sources */,
				ED5F586723A94B5D0003CE23 /* ProfileUserTableViewController.swift in Sources */,
				EDBC5FB82360648200ACC7B8 /* ServicessAdminTableViewCell.swift in Sources */,
				ED452091236082B8004EB338 /* ServicessUserTableViewCell.swift in Sources */,
				EDED5EFD235A4B0700264388 /* RoomsUserTableViewCell.swift in Sources */,
				EDC9BA4E2383314800EA6CEA /* usersAndAdmin.swift in Sources */,
				ED08A6AD2439CC5D0042F26B /* ComlitionAllCellTableViewCell.swift in Sources */,
				EDF4E705245883060014F87B /* editProvileViewController.swift in Sources */,
				EDBC5FB623605F0C00ACC7B8 /* Servicess.swift in Sources */,
				EDBC5FB2235FB06F00ACC7B8 /* RoomsAdminTableViewController.swift in Sources */,
				EDD5C8C9241AD438003DCFB1 /* userServicesDemonstrationViewController.swift in Sources */,
				ED4E227724352B55004F1CF1 /* ComplitonOrderAdminClient.swift in Sources */,
				EDC9BA4C23832FE600EA6CEA /* BuscetStruct.swift in Sources */,
				ED7E18CB239FCCE30032BFC3 /* OrderUserTableViewCell.swift in Sources */,
				ED11BA822355DC350081EE31 /* AppDelegate.swift in Sources */,
			);
			runOnlyForDeploymentPostprocessing = 0;
		};
/* End PBXSourcesBuildPhase section */

/* Begin PBXVariantGroup section */
		ED11BA852355DC350081EE31 /* Main.storyboard */ = {
			isa = PBXVariantGroup;
			children = (
				ED11BA862355DC350081EE31 /* Base */,
			);
			name = Main.storyboard;
			sourceTree = "<group>";
		};
		ED11BA8A2355DC350081EE31 /* LaunchScreen.storyboard */ = {
			isa = PBXVariantGroup;
			children = (
				ED11BA8B2355DC350081EE31 /* Base */,
			);
			name = LaunchScreen.storyboard;
			sourceTree = "<group>";
		};
/* End PBXVariantGroup section */

/* Begin XCBuildConfiguration section */
		ED11BA8E2355DC350081EE31 /* Debug */ = {
			isa = XCBuildConfiguration;
			buildSettings = {
				ALWAYS_SEARCH_USER_PATHS = NO;
				CLANG_ANALYZER_NONNULL = YES;
				CLANG_ANALYZER_NUMBER_OBJECT_CONVERSION = YES_AGGRESSIVE;
				CLANG_CXX_LANGUAGE_STANDARD = "gnu++14";
				CLANG_CXX_LIBRARY = "libc++";
				CLANG_ENABLE_MODULES = YES;
				CLANG_ENABLE_OBJC_ARC = YES;
				CLANG_ENABLE_OBJC_WEAK = YES;
				CLANG_WARN_BLOCK_CAPTURE_AUTORELEASING = YES;
				CLANG_WARN_BOOL_CONVERSION = YES;
				CLANG_WARN_COMMA = YES;
				CLANG_WARN_CONSTANT_CONVERSION = YES;
				CLANG_WARN_DEPRECATED_OBJC_IMPLEMENTATIONS = YES;
				CLANG_WARN_DIRECT_OBJC_ISA_USAGE = YES_ERROR;
				CLANG_WARN_DOCUMENTATION_COMMENTS = YES;
				CLANG_WARN_EMPTY_BODY = YES;
				CLANG_WARN_ENUM_CONVERSION = YES;
				CLANG_WARN_INFINITE_RECURSION = YES;
				CLANG_WARN_INT_CONVERSION = YES;
				CLANG_WARN_NON_LITERAL_NULL_CONVERSION = YES;
				CLANG_WARN_OBJC_IMPLICIT_RETAIN_SELF = YES;
				CLANG_WARN_OBJC_LITERAL_CONVERSION = YES;
				CLANG_WARN_OBJC_ROOT_CLASS = YES_ERROR;
				CLANG_WARN_RANGE_LOOP_ANALYSIS = YES;
				CLANG_WARN_STRICT_PROTOTYPES = YES;
				CLANG_WARN_SUSPICIOUS_MOVE = YES;
				CLANG_WARN_UNGUARDED_AVAILABILITY = YES_AGGRESSIVE;
				CLANG_WARN_UNREACHABLE_CODE = YES;
				CLANG_WARN__DUPLICATE_METHOD_MATCH = YES;
				CODE_SIGN_IDENTITY = "iPhone Developer";
				COPY_PHASE_STRIP = NO;
				DEBUG_INFORMATION_FORMAT = dwarf;
				ENABLE_STRICT_OBJC_MSGSEND = YES;
				ENABLE_TESTABILITY = YES;
				GCC_C_LANGUAGE_STANDARD = gnu11;
				GCC_DYNAMIC_NO_PIC = NO;
				GCC_NO_COMMON_BLOCKS = YES;
				GCC_OPTIMIZATION_LEVEL = 0;
				GCC_PREPROCESSOR_DEFINITIONS = (
					"DEBUG=1",
					"$(inherited)",
				);
				GCC_WARN_64_TO_32_BIT_CONVERSION = YES;
				GCC_WARN_ABOUT_RETURN_TYPE = YES_ERROR;
				GCC_WARN_UNDECLARED_SELECTOR = YES;
				GCC_WARN_UNINITIALIZED_AUTOS = YES_AGGRESSIVE;
				GCC_WARN_UNUSED_FUNCTION = YES;
				GCC_WARN_UNUSED_VARIABLE = YES;
				IPHONEOS_DEPLOYMENT_TARGET = 12.4;
				MTL_ENABLE_DEBUG_INFO = INCLUDE_SOURCE;
				MTL_FAST_MATH = YES;
				ONLY_ACTIVE_ARCH = YES;
				SDKROOT = iphoneos;
				SWIFT_ACTIVE_COMPILATION_CONDITIONS = DEBUG;
				SWIFT_OPTIMIZATION_LEVEL = "-Onone";
			};
			name = Debug;
		};
		ED11BA8F2355DC350081EE31 /* Release */ = {
			isa = XCBuildConfiguration;
			buildSettings = {
				ALWAYS_SEARCH_USER_PATHS = NO;
				CLANG_ANALYZER_NONNULL = YES;
				CLANG_ANALYZER_NUMBER_OBJECT_CONVERSION = YES_AGGRESSIVE;
				CLANG_CXX_LANGUAGE_STANDARD = "gnu++14";
				CLANG_CXX_LIBRARY = "libc++";
				CLANG_ENABLE_MODULES = YES;
				CLANG_ENABLE_OBJC_ARC = YES;
				CLANG_ENABLE_OBJC_WEAK = YES;
				CLANG_WARN_BLOCK_CAPTURE_AUTORELEASING = YES;
				CLANG_WARN_BOOL_CONVERSION = YES;
				CLANG_WARN_COMMA = YES;
				CLANG_WARN_CONSTANT_CONVERSION = YES;
				CLANG_WARN_DEPRECATED_OBJC_IMPLEMENTATIONS = YES;
				CLANG_WARN_DIRECT_OBJC_ISA_USAGE = YES_ERROR;
				CLANG_WARN_DOCUMENTATION_COMMENTS = YES;
				CLANG_WARN_EMPTY_BODY = YES;
				CLANG_WARN_ENUM_CONVERSION = YES;
				CLANG_WARN_INFINITE_RECURSION = YES;
				CLANG_WARN_INT_CONVERSION = YES;
				CLANG_WARN_NON_LITERAL_NULL_CONVERSION = YES;
				CLANG_WARN_OBJC_IMPLICIT_RETAIN_SELF = YES;
				CLANG_WARN_OBJC_LITERAL_CONVERSION = YES;
				CLANG_WARN_OBJC_ROOT_CLASS = YES_ERROR;
				CLANG_WARN_RANGE_LOOP_ANALYSIS = YES;
				CLANG_WARN_STRICT_PROTOTYPES = YES;
				CLANG_WARN_SUSPICIOUS_MOVE = YES;
				CLANG_WARN_UNGUARDED_AVAILABILITY = YES_AGGRESSIVE;
				CLANG_WARN_UNREACHABLE_CODE = YES;
				CLANG_WARN__DUPLICATE_METHOD_MATCH = YES;
				CODE_SIGN_IDENTITY = "iPhone Developer";
				COPY_PHASE_STRIP = NO;
				DEBUG_INFORMATION_FORMAT = "dwarf-with-dsym";
				ENABLE_NS_ASSERTIONS = NO;
				ENABLE_STRICT_OBJC_MSGSEND = YES;
				GCC_C_LANGUAGE_STANDARD = gnu11;
				GCC_NO_COMMON_BLOCKS = YES;
				GCC_WARN_64_TO_32_BIT_CONVERSION = YES;
				GCC_WARN_ABOUT_RETURN_TYPE = YES_ERROR;
				GCC_WARN_UNDECLARED_SELECTOR = YES;
				GCC_WARN_UNINITIALIZED_AUTOS = YES_AGGRESSIVE;
				GCC_WARN_UNUSED_FUNCTION = YES;
				GCC_WARN_UNUSED_VARIABLE = YES;
				IPHONEOS_DEPLOYMENT_TARGET = 12.4;
				MTL_ENABLE_DEBUG_INFO = NO;
				MTL_FAST_MATH = YES;
				SDKROOT = iphoneos;
				SWIFT_COMPILATION_MODE = wholemodule;
				SWIFT_OPTIMIZATION_LEVEL = "-O";
				VALIDATE_PRODUCT = YES;
			};
			name = Release;
		};
		ED11BA912355DC350081EE31 /* Debug */ = {
			isa = XCBuildConfiguration;
			baseConfigurationReference = 9DB5C4B0222F7EBA365D8330 /* Pods-HostelNumberOne.debug.xcconfig */;
			buildSettings = {
				ASSETCATALOG_COMPILER_APPICON_NAME = AppIcon;
				CODE_SIGN_STYLE = Automatic;
				DEVELOPMENT_TEAM = TMSFZ429HL;
				INFOPLIST_FILE = HostelNumberOne/Info.plist;
				LD_RUNPATH_SEARCH_PATHS = (
					"$(inherited)",
					"@executable_path/Frameworks",
				);
				PRODUCT_BUNDLE_IDENTIFIER = kirill.HostelNumberOneeere;
				PRODUCT_NAME = "$(TARGET_NAME)";
				SWIFT_VERSION = 5.0;
				TARGETED_DEVICE_FAMILY = "1,2";
			};
			name = Debug;
		};
		ED11BA922355DC350081EE31 /* Release */ = {
			isa = XCBuildConfiguration;
			baseConfigurationReference = 591482C67BCE8234AA84CCF0 /* Pods-HostelNumberOne.release.xcconfig */;
			buildSettings = {
				ASSETCATALOG_COMPILER_APPICON_NAME = AppIcon;
				CODE_SIGN_STYLE = Automatic;
				DEVELOPMENT_TEAM = TMSFZ429HL;
				INFOPLIST_FILE = HostelNumberOne/Info.plist;
				LD_RUNPATH_SEARCH_PATHS = (
					"$(inherited)",
					"@executable_path/Frameworks",
				);
				PRODUCT_BUNDLE_IDENTIFIER = kirill.HostelNumberOneeere;
				PRODUCT_NAME = "$(TARGET_NAME)";
				SWIFT_VERSION = 5.0;
				TARGETED_DEVICE_FAMILY = "1,2";
			};
			name = Release;
		};
/* End XCBuildConfiguration section */

/* Begin XCConfigurationList section */
		ED11BA792355DC340081EE31 /* Build configuration list for PBXProject "HostelNumberOne" */ = {
			isa = XCConfigurationList;
			buildConfigurations = (
				ED11BA8E2355DC350081EE31 /* Debug */,
				ED11BA8F2355DC350081EE31 /* Release */,
			);
			defaultConfigurationIsVisible = 0;
			defaultConfigurationName = Release;
		};
		ED11BA902355DC350081EE31 /* Build configuration list for PBXNativeTarget "HostelNumberOne" */ = {
			isa = XCConfigurationList;
			buildConfigurations = (
				ED11BA912355DC350081EE31 /* Debug */,
				ED11BA922355DC350081EE31 /* Release */,
			);
			defaultConfigurationIsVisible = 0;
			defaultConfigurationName = Release;
		};
/* End XCConfigurationList section */
	};
	rootObject = ED11BA762355DC340081EE31 /* Project object */;
}
